
Microsoft Visual Studio Solution File, Format Version 12.00
# Visual Studio Version 17
VisualStudioVersion = 17.10.35013.160
MinimumVisualStudioVersion = 10.0.40219.1
Project("{9A19103F-16F7-4668-BE54-9A1E7A4F7556}") = "Orders", "OrderService\Orders.csproj", "{8F479598-3944-40C2-BB32-184C10E4F01B}"
EndProject
Project("{9A19103F-16F7-4668-BE54-9A1E7A4F7556}") = "Payments", "Payments\Payments.csproj", "{0A87E4B5-C8D5-4FC3-BE75-C51A29006509}"
EndProject
Project("{FAE04EC0-301F-11D3-BF4B-00C04F79EFBC}") = "ApiGW", "ApiGW\ApiGW.csproj", "{6104CC70-5351-4D4F-AE93-8869AA11574E}"
EndProject
Global
	GlobalSection(SolutionConfigurationPlatforms) = preSolution
		Debug|Any CPU = Debug|Any CPU
		Release|Any CPU = Release|Any CPU
	EndGlobalSection
	GlobalSection(ProjectConfigurationPlatforms) = postSolution
		{8F479598-3944-40C2-BB32-184C10E4F01B}.Debug|Any CPU.ActiveCfg = Debug|Any CPU
		{8F479598-3944-40C2-BB32-184C10E4F01B}.Debug|Any CPU.Build.0 = Debug|Any CPU
		{8F479598-3944-40C2-BB32-184C10E4F01B}.Release|Any CPU.ActiveCfg = Release|Any CPU
		{8F479598-3944-40C2-BB32-184C10E4F01B}.Release|Any CPU.Build.0 = Release|Any CPU
		{0A87E4B5-C8D5-4FC3-BE75-C51A29006509}.Debug|Any CPU.ActiveCfg = Debug|Any CPU
		{0A87E4B5-C8D5-4FC3-BE75-C51A29006509}.Debug|Any CPU.Build.0 = Debug|Any CPU
		{0A87E4B5-C8D5-4FC3-BE75-C51A29006509}.Release|Any CPU.ActiveCfg = Release|Any CPU
		{0A87E4B5-C8D5-4FC3-BE75-C51A29006509}.Release|Any CPU.Build.0 = Release|Any CPU
		{6104CC70-5351-4D4F-AE93-8869AA11574E}.Debug|Any CPU.ActiveCfg = Debug|Any CPU
		{6104CC70-5351-4D4F-AE93-8869AA11574E}.Debug|Any CPU.Build.0 = Debug|Any CPU
		{6104CC70-5351-4D4F-AE93-8869AA11574E}.Release|Any CPU.ActiveCfg = Release|Any CPU
		{6104CC70-5351-4D4F-AE93-8869AA11574E}.Release|Any CPU.Build.0 = Release|Any CPU
	EndGlobalSection
	GlobalSection(SolutionProperties) = preSolution
		HideSolutionNode = FALSE
	EndGlobalSection
	GlobalSection(ExtensibilityGlobals) = postSolution
		SolutionGuid = {B164B009-76F2-4001-9529-D232CD328F91}
	EndGlobalSection
EndGlobal
